
Microsoft Visual Studio Solution File, Format Version 12.00
# Visual Studio 15
VisualStudioVersion = 15.0.26730.12
MinimumVisualStudioVersion = 10.0.40219.1
Project("{9A19103F-16F7-4668-BE54-9A1E7A4F7556}") = "VideoMenuAppUI", "VideoMenuAppUI\VideoMenuAppUI.csproj", "{4385CEA1-DF71-4696-AEA4-B2AB0F4CBF1C}"
EndProject
Project("{9A19103F-16F7-4668-BE54-9A1E7A4F7556}") = "VideoMenuAppBLL", "VideoMenuAppBLL\VideoMenuAppBLL.csproj", "{1A79013A-7615-43A2-AAFF-C6623BA4D4DC}"
EndProject
Project("{9A19103F-16F7-4668-BE54-9A1E7A4F7556}") = "VideoMenuAppDAL", "VideoMenuAppDAL\VideoMenuAppDAL.csproj", "{1C9FFBF4-89A2-4A1A-B689-A65772B69E7A}"
EndProject
Project("{FAE04EC0-301F-11D3-BF4B-00C04F79EFBC}") = "VideoRestAPI", "VideoRestAPI\VideoRestAPI.csproj", "{8C0420C6-DB4F-48C1-9762-746EDACEED21}"
EndProject
Global
	GlobalSection(SolutionConfigurationPlatforms) = preSolution
		Debug|Any CPU = Debug|Any CPU
		Release|Any CPU = Release|Any CPU
	EndGlobalSection
	GlobalSection(ProjectConfigurationPlatforms) = postSolution
		{4385CEA1-DF71-4696-AEA4-B2AB0F4CBF1C}.Debug|Any CPU.ActiveCfg = Debug|Any CPU
		{4385CEA1-DF71-4696-AEA4-B2AB0F4CBF1C}.Debug|Any CPU.Build.0 = Debug|Any CPU
		{4385CEA1-DF71-4696-AEA4-B2AB0F4CBF1C}.Release|Any CPU.ActiveCfg = Release|Any CPU
		{4385CEA1-DF71-4696-AEA4-B2AB0F4CBF1C}.Release|Any CPU.Build.0 = Release|Any CPU
		{1A79013A-7615-43A2-AAFF-C6623BA4D4DC}.Debug|Any CPU.ActiveCfg = Debug|Any CPU
		{1A79013A-7615-43A2-AAFF-C6623BA4D4DC}.Debug|Any CPU.Build.0 = Debug|Any CPU
		{1A79013A-7615-43A2-AAFF-C6623BA4D4DC}.Release|Any CPU.ActiveCfg = Release|Any CPU
		{1A79013A-7615-43A2-AAFF-C6623BA4D4DC}.Release|Any CPU.Build.0 = Release|Any CPU
		{1C9FFBF4-89A2-4A1A-B689-A65772B69E7A}.Debug|Any CPU.ActiveCfg = Debug|Any CPU
		{1C9FFBF4-89A2-4A1A-B689-A65772B69E7A}.Debug|Any CPU.Build.0 = Debug|Any CPU
		{1C9FFBF4-89A2-4A1A-B689-A65772B69E7A}.Release|Any CPU.ActiveCfg = Release|Any CPU
		{1C9FFBF4-89A2-4A1A-B689-A65772B69E7A}.Release|Any CPU.Build.0 = Release|Any CPU
		{8C0420C6-DB4F-48C1-9762-746EDACEED21}.Debug|Any CPU.ActiveCfg = Debug|Any CPU
		{8C0420C6-DB4F-48C1-9762-746EDACEED21}.Debug|Any CPU.Build.0 = Debug|Any CPU
		{8C0420C6-DB4F-48C1-9762-746EDACEED21}.Release|Any CPU.ActiveCfg = Release|Any CPU
		{8C0420C6-DB4F-48C1-9762-746EDACEED21}.Release|Any CPU.Build.0 = Release|Any CPU
	EndGlobalSection
	GlobalSection(SolutionProperties) = preSolution
		HideSolutionNode = FALSE
	EndGlobalSection
	GlobalSection(ExtensibilityGlobals) = postSolution
		SolutionGuid = {7071BCA8-8622-4766-AFFC-518BE85BB8CC}
	EndGlobalSection
EndGlobal
